// !$*UTF8*$!
{
	archiveVersion = 1;
	classes = {
	};
	objectVersion = 50;
	objects = {

/* Begin PBXBuildFile section */
		E977DB2E24A88418007F8915 /* AppDelegate.swift in Sources */ = {isa = PBXBuildFile; fileRef = E977DB2D24A88418007F8915 /* AppDelegate.swift */; };
		E977DB3024A88418007F8915 /* SceneDelegate.swift in Sources */ = {isa = PBXBuildFile; fileRef = E977DB2F24A88418007F8915 /* SceneDelegate.swift */; };
		E977DB3224A88418007F8915 /* ViewController.swift in Sources */ = {isa = PBXBuildFile; fileRef = E977DB3124A88418007F8915 /* ViewController.swift */; };
		E977DB3524A88418007F8915 /* Main.storyboard in Resources */ = {isa = PBXBuildFile; fileRef = E977DB3324A88418007F8915 /* Main.storyboard */; };
		E977DB3724A8841A007F8915 /* Assets.xcassets in Resources */ = {isa = PBXBuildFile; fileRef = E977DB3624A8841A007F8915 /* Assets.xcassets */; };
		E977DB3A24A8841A007F8915 /* LaunchScreen.storyboard in Resources */ = {isa = PBXBuildFile; fileRef = E977DB3824A8841A007F8915 /* LaunchScreen.storyboard */; };
/* End PBXBuildFile section */

/* Begin PBXFileReference section */
		E977DB2A24A88418007F8915 /* Charms of Belarus.app */ = {isa = PBXFileReference; explicitFileType = wrapper.application; includeInIndex = 0; path = "Charms of Belarus.app"; sourceTree = BUILT_PRODUCTS_DIR; };
		E977DB2D24A88418007F8915 /* AppDelegate.swift */ = {isa = PBXFileReference; lastKnownFileType = sourcecode.swift; path = AppDelegate.swift; sourceTree = "<group>"; };
		E977DB2F24A88418007F8915 /* SceneDelegate.swift */ = {isa = PBXFileReference; lastKnownFileType = sourcecode.swift; path = SceneDelegate.swift; sourceTree = "<group>"; };
		E977DB3124A88418007F8915 /* ViewController.swift */ = {isa = PBXFileReference; lastKnownFileType = sourcecode.swift; path = ViewController.swift; sourceTree = "<group>"; };
		E977DB3424A88418007F8915 /* Base */ = {isa = PBXFileReference; lastKnownFileType = file.storyboard; name = Base; path = Base.lproj/Main.storyboard; sourceTree = "<group>"; };
		E977DB3624A8841A007F8915 /* Assets.xcassets */ = {isa = PBXFileReference; lastKnownFileType = folder.assetcatalog; path = Assets.xcassets; sourceTree = "<group>"; };
		E977DB3924A8841A007F8915 /* Base */ = {isa = PBXFileReference; lastKnownFileType = file.storyboard; name = Base; path = Base.lproj/LaunchScreen.storyboard; sourceTree = "<group>"; };
		E977DB3B24A8841A007F8915 /* Info.plist */ = {isa = PBXFileReference; lastKnownFileType = text.plist.xml; path = Info.plist; sourceTree = "<group>"; };
/* End PBXFileReference section */

/* Begin PBXFrameworksBuildPhase section */
		E977DB2724A88418007F8915 /* Frameworks */ = {
			isa = PBXFrameworksBuildPhase;
			buildActionMask = 2147483647;
			files = (
			);
			runOnlyForDeploymentPostprocessing = 0;
		};
/* End PBXFrameworksBuildPhase section */

/* Begin PBXGroup section */
		E977DB2124A88418007F8915 = {
			isa = PBXGroup;
			children = (
				E977DB2C24A88418007F8915 /* Charms of Belarus */,
				E977DB2B24A88418007F8915 /* Products */,
			);
			sourceTree = "<group>";
		};
		E977DB2B24A88418007F8915 /* Products */ = {
			isa = PBXGroup;
			children = (
				E977DB2A24A88418007F8915 /* Charms of Belarus.app */,
			);
			name = Products;
			sourceTree = "<group>";
		};
		E977DB2C24A88418007F8915 /* Charms of Belarus */ = {
			isa = PBXGroup;
			children = (
				E977DB2D24A88418007F8915 /* AppDelegate.swift */,
				E977DB2F24A88418007F8915 /* SceneDelegate.swift */,
				E977DB3124A88418007F8915 /* ViewController.swift */,
				E977DB3324A88418007F8915 /* Main.storyboard */,
				E977DB3624A8841A007F8915 /* Assets.xcassets */,
				E977DB3824A8841A007F8915 /* LaunchScreen.storyboard */,
				E977DB3B24A8841A007F8915 /* Info.plist */,
			);
			path = "Charms of Belarus";
			sourceTree = "<group>";
		};
/* End PBXGroup section */

/* Begin PBXNativeTarget section */
		E977DB2924A88418007F8915 /* Charms of Belarus */ = {
			isa = PBXNativeTarget;
			buildConfigurationList = E977DB3E24A8841A007F8915 /* Build configuration list for PBXNativeTarget "Charms of Belarus" */;
			buildPhases = (
				E977DB2624A88418007F8915 /* Sources */,
				E977DB2724A88418007F8915 /* Frameworks */,
				E977DB2824A88418007F8915 /* Resources */,
			);
			buildRules = (
			);
			dependencies = (
			);
			name = "Charms of Belarus";
			productName = "Charms of Belarus";
			productReference = E977DB2A24A88418007F8915 /* Charms of Belarus.app */;
			productType = "com.apple.product-type.application";
		};
/* End PBXNativeTarget section */

/* Begin PBXProject section */
		E977DB2224A88418007F8915 /* Project object */ = {
			isa = PBXProject;
			attributes = {
				LastSwiftUpdateCheck = 1150;
				LastUpgradeCheck = 1150;
				ORGANIZATIONNAME = Pavel;
				TargetAttributes = {
					E977DB2924A88418007F8915 = {
						CreatedOnToolsVersion = 11.5;
					};
				};
			};
			buildConfigurationList = E977DB2524A88418007F8915 /* Build configuration list for PBXProject "Charms of Belarus" */;
			compatibilityVersion = "Xcode 9.3";
			developmentRegion = en;
			hasScannedForEncodings = 0;
			knownRegions = (
				en,
				Base,
			);
			mainGroup = E977DB2124A88418007F8915;
			productRefGroup = E977DB2B24A88418007F8915 /* Products */;
			projectDirPath = "";
			projectRoot = "";
			targets = (
				E977DB2924A88418007F8915 /* Charms of Belarus */,
			);
		};
/* End PBXProject section */

/* Begin PBXResourcesBuildPhase section */
		E977DB2824A88418007F8915 /* Resources */ = {
			isa = PBXResourcesBuildPhase;
			buildActionMask = 2147483647;
			files = (
				E977DB3A24A8841A007F8915 /* LaunchScreen.storyboard in Resources */,
				E977DB3724A8841A007F8915 /* Assets.xcassets in Resources */,
				E977DB3524A88418007F8915 /* Main.storyboard in Resources */,
			);
			runOnlyForDeploymentPostprocessing = 0;
		};
/* End PBXResourcesBuildPhase section */

/* Begin PBXSourcesBuildPhase section */
		E977DB2624A88418007F8915 /* Sources */ = {
			isa = PBXSourcesBuildPhase;
			buildActionMask = 2147483647;
			files = (
				E977DB3224A88418007F8915 /* ViewController.swift in Sources */,
				E977DB2E24A88418007F8915 /* AppDelegate.swift in Sources */,
				E977DB3024A88418007F8915 /* SceneDelegate.swift in Sources */,
			);
			runOnlyForDeploymentPostprocessing = 0;
		};
/* End PBXSourcesBuildPhase section */

/* Begin PBXVariantGroup section */
		E977DB3324A88418007F8915 /* Main.storyboard */ = {
			isa = PBXVariantGroup;
			children = (
				E977DB3424A88418007F8915 /* Base */,
			);
			name = Main.storyboard;
			sourceTree = "<group>";
		};
		E977DB3824A8841A007F8915 /* LaunchScreen.storyboard */ = {
			isa = PBXVariantGroup;
			children = (
				E977DB3924A8841A007F8915 /* Base */,
			);
			name = LaunchScreen.storyboard;
			sourceTree = "<group>";
		};
/* End PBXVariantGroup section */

/* Begin XCBuildConfiguration section */
		E977DB3C24A8841A007F8915 /* Debug */ = {
			isa = XCBuildConfiguration;
			buildSettings = {
				ALWAYS_SEARCH_USER_PATHS = NO;
				CLANG_ANALYZER_NONNULL = YES;
				CLANG_ANALYZER_NUMBER_OBJECT_CONVERSION = YES_AGGRESSIVE;
				CLANG_CXX_LANGUAGE_STANDARD = "gnu++14";
				CLANG_CXX_LIBRARY = "libc++";
				CLANG_ENABLE_MODULES = YES;
				CLANG_ENABLE_OBJC_ARC = YES;
				CLANG_ENABLE_OBJC_WEAK = YES;
				CLANG_WARN_BLOCK_CAPTURE_AUTORELEASING = YES;
				CLANG_WARN_BOOL_CONVERSION = YES;
				CLANG_WARN_COMMA = YES;
				CLANG_WARN_CONSTANT_CONVERSION = YES;
				CLANG_WARN_DEPRECATED_OBJC_IMPLEMENTATIONS = YES;
				CLANG_WARN_DIRECT_OBJC_ISA_USAGE = YES_ERROR;
				CLANG_WARN_DOCUMENTATION_COMMENTS = YES;
				CLANG_WARN_EMPTY_BODY = YES;
				CLANG_WARN_ENUM_CONVERSION = YES;
				CLANG_WARN_INFINITE_RECURSION = YES;
				CLANG_WARN_INT_CONVERSION = YES;
				CLANG_WARN_NON_LITERAL_NULL_CONVERSION = YES;
				CLANG_WARN_OBJC_IMPLICIT_RETAIN_SELF = YES;
				CLANG_WARN_OBJC_LITERAL_CONVERSION = YES;
				CLANG_WARN_OBJC_ROOT_CLASS = YES_ERROR;
				CLANG_WARN_RANGE_LOOP_ANALYSIS = YES;
				CLANG_WARN_STRICT_PROTOTYPES = YES;
				CLANG_WARN_SUSPICIOUS_MOVE = YES;
				CLANG_WARN_UNGUARDED_AVAILABILITY = YES_AGGRESSIVE;
				CLANG_WARN_UNREACHABLE_CODE = YES;
				CLANG_WARN__DUPLICATE_METHOD_MATCH = YES;
				COPY_PHASE_STRIP = NO;
				DEBUG_INFORMATION_FORMAT = dwarf;
				ENABLE_STRICT_OBJC_MSGSEND = YES;
				ENABLE_TESTABILITY = YES;
				GCC_C_LANGUAGE_STANDARD = gnu11;
				GCC_DYNAMIC_NO_PIC = NO;
				GCC_NO_COMMON_BLOCKS = YES;
				GCC_OPTIMIZATION_LEVEL = 0;
				GCC_PREPROCESSOR_DEFINITIONS = (
					"DEBUG=1",
					"$(inherited)",
				);
				GCC_WARN_64_TO_32_BIT_CONVERSION = YES;
				GCC_WARN_ABOUT_RETURN_TYPE = YES_ERROR;
				GCC_WARN_UNDECLARED_SELECTOR = YES;
				GCC_WARN_UNINITIALIZED_AUTOS = YES_AGGRESSIVE;
				GCC_WARN_UNUSED_FUNCTION = YES;
				GCC_WARN_UNUSED_VARIABLE = YES;
				IPHONEOS_DEPLOYMENT_TARGET = 13.5;
				MTL_ENABLE_DEBUG_INFO = INCLUDE_SOURCE;
				MTL_FAST_MATH = YES;
				ONLY_ACTIVE_ARCH = YES;
				SDKROOT = iphoneos;
				SWIFT_ACTIVE_COMPILATION_CONDITIONS = DEBUG;
				SWIFT_OPTIMIZATION_LEVEL = "-Onone";
			};
			name = Debug;
		};
		E977DB3D24A8841A007F8915 /* Release */ = {
			isa = XCBuildConfiguration;
			buildSettings = {
				ALWAYS_SEARCH_USER_PATHS = NO;
				CLANG_ANALYZER_NONNULL = YES;
				CLANG_ANALYZER_NUMBER_OBJECT_CONVERSION = YES_AGGRESSIVE;
				CLANG_CXX_LANGUAGE_STANDARD = "gnu++14";
				CLANG_CXX_LIBRARY = "libc++";
				CLANG_ENABLE_MODULES = YES;
				CLANG_ENABLE_OBJC_ARC = YES;
				CLANG_ENABLE_OBJC_WEAK = YES;
				CLANG_WARN_BLOCK_CAPTURE_AUTORELEASING = YES;
				CLANG_WARN_BOOL_CONVERSION = YES;
				CLANG_WARN_COMMA = YES;
				CLANG_WARN_CONSTANT_CONVERSION = YES;
				CLANG_WARN_DEPRECATED_OBJC_IMPLEMENTATIONS = YES;
				CLANG_WARN_DIRECT_OBJC_ISA_USAGE = YES_ERROR;
				CLANG_WARN_DOCUMENTATION_COMMENTS = YES;
				CLANG_WARN_EMPTY_BODY = YES;
				CLANG_WARN_ENUM_CONVERSION = YES;
				CLANG_WARN_INFINITE_RECURSION = YES;
				CLANG_WARN_INT_CONVERSION = YES;
				CLANG_WARN_NON_LITERAL_NULL_CONVERSION = YES;
				CLANG_WARN_OBJC_IMPLICIT_RETAIN_SELF = YES;
				CLANG_WARN_OBJC_LITERAL_CONVERSION = YES;
				CLANG_WARN_OBJC_ROOT_CLASS = YES_ERROR;
				CLANG_WARN_RANGE_LOOP_ANALYSIS = YES;
				CLANG_WARN_STRICT_PROTOTYPES = YES;
				CLANG_WARN_SUSPICIOUS_MOVE = YES;
				CLANG_WARN_UNGUARDED_AVAILABILITY = YES_AGGRESSIVE;
				CLANG_WARN_UNREACHABLE_CODE = YES;
				CLANG_WARN__DUPLICATE_METHOD_MATCH = YES;
				COPY_PHASE_STRIP = NO;
				DEBUG_INFORMATION_FORMAT = "dwarf-with-dsym";
				ENABLE_NS_ASSERTIONS = NO;
				ENABLE_STRICT_OBJC_MSGSEND = YES;
				GCC_C_LANGUAGE_STANDARD = gnu11;
				GCC_NO_COMMON_BLOCKS = YES;
				GCC_WARN_64_TO_32_BIT_CONVERSION = YES;
				GCC_WARN_ABOUT_RETURN_TYPE = YES_ERROR;
				GCC_WARN_UNDECLARED_SELECTOR = YES;
				GCC_WARN_UNINITIALIZED_AUTOS = YES_AGGRESSIVE;
				GCC_WARN_UNUSED_FUNCTION = YES;
				GCC_WARN_UNUSED_VARIABLE = YES;
				IPHONEOS_DEPLOYMENT_TARGET = 13.5;
				MTL_ENABLE_DEBUG_INFO = NO;
				MTL_FAST_MATH = YES;
				SDKROOT = iphoneos;
				SWIFT_COMPILATION_MODE = wholemodule;
				SWIFT_OPTIMIZATION_LEVEL = "-O";
				VALIDATE_PRODUCT = YES;
			};
			name = Release;
		};
		E977DB3F24A8841A007F8915 /* Debug */ = {
			isa = XCBuildConfiguration;
			buildSettings = {
				ASSETCATALOG_COMPILER_APPICON_NAME = AppIcon;
				CODE_SIGN_STYLE = Automatic;
				DEVELOPMENT_TEAM = PG3SA42QKT;
				INFOPLIST_FILE = "Charms of Belarus/Info.plist";
				LD_RUNPATH_SEARCH_PATHS = (
					"$(inherited)",
					"@executable_path/Frameworks",
				);
				PRODUCT_BUNDLE_IDENTIFIER = "com.paddubotski.pavel.Charms-of-Belarus";
				PRODUCT_NAME = "$(TARGET_NAME)";
				SWIFT_VERSION = 5.0;
				TARGETED_DEVICE_FAMILY = "1,2";
			};
			name = Debug;
		};
		E977DB4024A8841A007F8915 /* Release */ = {
			isa = XCBuildConfiguration;
			buildSettings = {
				ASSETCATALOG_COMPILER_APPICON_NAME = AppIcon;
				CODE_SIGN_STYLE = Automatic;
				DEVELOPMENT_TEAM = PG3SA42QKT;
				INFOPLIST_FILE = "Charms of Belarus/Info.plist";
				LD_RUNPATH_SEARCH_PATHS = (
					"$(inherited)",
					"@executable_path/Frameworks",
				);
				PRODUCT_BUNDLE_IDENTIFIER = "com.paddubotski.pavel.Charms-of-Belarus";
				PRODUCT_NAME = "$(TARGET_NAME)";
				SWIFT_VERSION = 5.0;
				TARGETED_DEVICE_FAMILY = "1,2";
			};
			name = Release;
		};
/* End XCBuildConfiguration section */

/* Begin XCConfigurationList section */
		E977DB2524A88418007F8915 /* Build configuration list for PBXProject "Charms of Belarus" */ = {
			isa = XCConfigurationList;
			buildConfigurations = (
				E977DB3C24A8841A007F8915 /* Debug */,
				E977DB3D24A8841A007F8915 /* Release */,
			);
			defaultConfigurationIsVisible = 0;
			defaultConfigurationName = Release;
		};
		E977DB3E24A8841A007F8915 /* Build configuration list for PBXNativeTarget "Charms of Belarus" */ = {
			isa = XCConfigurationList;
			buildConfigurations = (
				E977DB3F24A8841A007F8915 /* Debug */,
				E977DB4024A8841A007F8915 /* Release */,
			);
			defaultConfigurationIsVisible = 0;
			defaultConfigurationName = Release;
		};
/* End XCConfigurationList section */
	};
	rootObject = E977DB2224A88418007F8915 /* Project object */;
}
